
Microsoft Visual Studio Solution File, Format Version 12.00
# Visual Studio Version 16
VisualStudioVersion = 16.0.29613.14
MinimumVisualStudioVersion = 10.0.40219.1
Project("{2150E333-8FDC-42A3-9474-1A3956D46DE8}") = "Solution Items", "Solution Items", "{D62DDBAF-08C6-4130-890A-888910785B65}"
	ProjectSection(SolutionItems) = preProject
		buildnugetpackage.cmd = buildnugetpackage.cmd
		LICENSE = LICENSE
		MongoRepository.nuspec = MongoRepository.nuspec
		mongorepositorylogo.png = mongorepositorylogo.png
		README.md = README.md
	EndProjectSection
EndProject
Project("{FAE04EC0-301F-11D3-BF4B-00C04F79EFBC}") = "MongoRepository.Net40", "MongoRepository\MongoRepository.Net40.csproj", "{E2C4A7F9-4B14-46CB-BFCE-AFABFACB3390}"
	ProjectSection(ProjectDependencies) = postProject
		{9D7ED6B5-2B34-4EC6-88CF-CDA2F07431AC} = {9D7ED6B5-2B34-4EC6-88CF-CDA2F07431AC}
	EndProjectSection
EndProject
Project("{FAE04EC0-301F-11D3-BF4B-00C04F79EFBC}") = "MongoRepositoryTests", "MongoRepositoryTests\MongoRepositoryTests.csproj", "{7C8276C3-819A-4EA1-BFDA-64C3760B0037}"
	ProjectSection(ProjectDependencies) = postProject
		{9D7ED6B5-2B34-4EC6-88CF-CDA2F07431AC} = {9D7ED6B5-2B34-4EC6-88CF-CDA2F07431AC}
		{CE75B2FE-C027-42F6-8D00-E44CC38BE7C7} = {CE75B2FE-C027-42F6-8D00-E44CC38BE7C7}
	EndProjectSection
EndProject
Project("{FAE04EC0-301F-11D3-BF4B-00C04F79EFBC}") = "MongoRepository.Net35", "MongoRepository\MongoRepository.Net35.csproj", "{9D7ED6B5-2B34-4EC6-88CF-CDA2F07431AC}"
EndProject
Project("{FAE04EC0-301F-11D3-BF4B-00C04F79EFBC}") = "MongoRepository.Net45", "MongoRepository\MongoRepository.Net45.csproj", "{CE75B2FE-C027-42F6-8D00-E44CC38BE7C7}"
	ProjectSection(ProjectDependencies) = postProject
		{9D7ED6B5-2B34-4EC6-88CF-CDA2F07431AC} = {9D7ED6B5-2B34-4EC6-88CF-CDA2F07431AC}
		{E2C4A7F9-4B14-46CB-BFCE-AFABFACB3390} = {E2C4A7F9-4B14-46CB-BFCE-AFABFACB3390}
	EndProjectSection
EndProject
Project("{7CF6DF6D-3B04-46F8-A40B-537D21BCA0B4}") = "MongoRepositoryDocumentation", "Help\MongoRepositoryDocumentation.shfbproj", "{08800A8D-1A63-490B-9F1B-695112E272F7}"
	ProjectSection(ProjectDependencies) = postProject
		{9D7ED6B5-2B34-4EC6-88CF-CDA2F07431AC} = {9D7ED6B5-2B34-4EC6-88CF-CDA2F07431AC}
		{E2C4A7F9-4B14-46CB-BFCE-AFABFACB3390} = {E2C4A7F9-4B14-46CB-BFCE-AFABFACB3390}
		{CE75B2FE-C027-42F6-8D00-E44CC38BE7C7} = {CE75B2FE-C027-42F6-8D00-E44CC38BE7C7}
	EndProjectSection
EndProject
Global
	GlobalSection(SolutionConfigurationPlatforms) = preSolution
		Debug|Any CPU = Debug|Any CPU
		Release|Any CPU = Release|Any CPU
	EndGlobalSection
	GlobalSection(ProjectConfigurationPlatforms) = postSolution
		{E2C4A7F9-4B14-46CB-BFCE-AFABFACB3390}.Debug|Any CPU.ActiveCfg = Debug|Any CPU
		{E2C4A7F9-4B14-46CB-BFCE-AFABFACB3390}.Debug|Any CPU.Build.0 = Debug|Any CPU
		{E2C4A7F9-4B14-46CB-BFCE-AFABFACB3390}.Release|Any CPU.ActiveCfg = Release|Any CPU
		{E2C4A7F9-4B14-46CB-BFCE-AFABFACB3390}.Release|Any CPU.Build.0 = Release|Any CPU
		{7C8276C3-819A-4EA1-BFDA-64C3760B0037}.Debug|Any CPU.ActiveCfg = Debug|Any CPU
		{7C8276C3-819A-4EA1-BFDA-64C3760B0037}.Debug|Any CPU.Build.0 = Debug|Any CPU
		{7C8276C3-819A-4EA1-BFDA-64C3760B0037}.Release|Any CPU.ActiveCfg = Release|Any CPU
		{7C8276C3-819A-4EA1-BFDA-64C3760B0037}.Release|Any CPU.Build.0 = Release|Any CPU
		{9D7ED6B5-2B34-4EC6-88CF-CDA2F07431AC}.Debug|Any CPU.ActiveCfg = Debug|Any CPU
		{9D7ED6B5-2B34-4EC6-88CF-CDA2F07431AC}.Debug|Any CPU.Build.0 = Debug|Any CPU
		{9D7ED6B5-2B34-4EC6-88CF-CDA2F07431AC}.Release|Any CPU.ActiveCfg = Release|Any CPU
		{9D7ED6B5-2B34-4EC6-88CF-CDA2F07431AC}.Release|Any CPU.Build.0 = Release|Any CPU
		{CE75B2FE-C027-42F6-8D00-E44CC38BE7C7}.Debug|Any CPU.ActiveCfg = Debug|Any CPU
		{CE75B2FE-C027-42F6-8D00-E44CC38BE7C7}.Debug|Any CPU.Build.0 = Debug|Any CPU
		{CE75B2FE-C027-42F6-8D00-E44CC38BE7C7}.Release|Any CPU.ActiveCfg = Release|Any CPU
		{CE75B2FE-C027-42F6-8D00-E44CC38BE7C7}.Release|Any CPU.Build.0 = Release|Any CPU
		{08800A8D-1A63-490B-9F1B-695112E272F7}.Debug|Any CPU.ActiveCfg = Debug|Any CPU
		{08800A8D-1A63-490B-9F1B-695112E272F7}.Release|Any CPU.ActiveCfg = Release|Any CPU
		{08800A8D-1A63-490B-9F1B-695112E272F7}.Release|Any CPU.Build.0 = Release|Any CPU
	EndGlobalSection
	GlobalSection(SolutionProperties) = preSolution
		HideSolutionNode = FALSE
	EndGlobalSection
	GlobalSection(ExtensibilityGlobals) = postSolution
		SolutionGuid = {45C743B9-251C-4EF4-BCA6-D8307C3EBFA3}
	EndGlobalSection
EndGlobal
