
Microsoft Visual Studio Solution File, Format Version 12.00
# Visual Studio 2013
VisualStudioVersion = 12.0.30110.0
MinimumVisualStudioVersion = 10.0.40219.1
Project("{FAE04EC0-301F-11D3-BF4B-00C04F79EFBC}") = "MongoRepository.Net40", "MongoRepository\MongoRepository.Net40.csproj", "{E2C4A7F9-4B14-46CB-BFCE-AFABFACB3390}"
EndProject
Project("{FAE04EC0-301F-11D3-BF4B-00C04F79EFBC}") = "MongoRepositoryTests", "MongoRepositoryTests\MongoRepositoryTests.csproj", "{7C8276C3-819A-4EA1-BFDA-64C3760B0037}"
EndProject
Project("{2150E333-8FDC-42A3-9474-1A3956D46DE8}") = "Solution Items", "Solution Items", "{D62DDBAF-08C6-4130-890A-888910785B65}"
	ProjectSection(SolutionItems) = preProject
		buildnugetpackage.cmd = buildnugetpackage.cmd
		MongoRepository.nuspec = MongoRepository.nuspec
		Help\MongoRepository.shfbproj = Help\MongoRepository.shfbproj
		mongorepositorylogo.png = mongorepositorylogo.png
	EndProjectSection
EndProject
Project("{2150E333-8FDC-42A3-9474-1A3956D46DE8}") = ".nuget", ".nuget", "{288E6547-DDFC-459F-8BF8-5225F06085FC}"
	ProjectSection(SolutionItems) = preProject
		.nuget\NuGet.Config = .nuget\NuGet.Config
		.nuget\NuGet.exe = .nuget\NuGet.exe
		.nuget\NuGet.targets = .nuget\NuGet.targets
	EndProjectSection
EndProject
Project("{FAE04EC0-301F-11D3-BF4B-00C04F79EFBC}") = "MongoRepository.Net35", "MongoRepository\MongoRepository.Net35.csproj", "{9D7ED6B5-2B34-4EC6-88CF-CDA2F07431AC}"
EndProject
Project("{FAE04EC0-301F-11D3-BF4B-00C04F79EFBC}") = "MongoRepository.Net45", "MongoRepository\MongoRepository.Net45.csproj", "{CE75B2FE-C027-42F6-8D00-E44CC38BE7C7}"
EndProject
Global
	GlobalSection(TeamFoundationVersionControl) = preSolution
		SccNumberOfProjects = 5
		SccEnterpriseProvider = {4CA58AB2-18FA-4F8D-95D4-32DDF27D184C}
		SccTeamFoundationServer = https://tfs.codeplex.com/tfs/tfs34
		SccLocalPath0 = .
		SccProjectUniqueName1 = MongoRepositoryTests\\MongoRepositoryTests.csproj
		SccProjectName1 = MongoRepositoryTests
		SccLocalPath1 = MongoRepositoryTests
		SccProjectUniqueName2 = MongoRepository\\MongoRepository.Net40.csproj
		SccProjectName2 = MongoRepository
		SccLocalPath2 = MongoRepository
		SccProjectUniqueName3 = MongoRepository\\MongoRepository.Net35.csproj
		SccProjectName3 = MongoRepository
		SccLocalPath3 = MongoRepository
		SccProjectUniqueName4 = MongoRepository\\MongoRepository.Net45.csproj
		SccProjectName4 = MongoRepository
		SccLocalPath4 = MongoRepository
	EndGlobalSection
	GlobalSection(SolutionConfigurationPlatforms) = preSolution
		Debug|Any CPU = Debug|Any CPU
		Release|Any CPU = Release|Any CPU
	EndGlobalSection
	GlobalSection(ProjectConfigurationPlatforms) = postSolution
		{E2C4A7F9-4B14-46CB-BFCE-AFABFACB3390}.Debug|Any CPU.ActiveCfg = Debug|Any CPU
		{E2C4A7F9-4B14-46CB-BFCE-AFABFACB3390}.Debug|Any CPU.Build.0 = Debug|Any CPU
		{E2C4A7F9-4B14-46CB-BFCE-AFABFACB3390}.Release|Any CPU.ActiveCfg = Release|Any CPU
		{E2C4A7F9-4B14-46CB-BFCE-AFABFACB3390}.Release|Any CPU.Build.0 = Release|Any CPU
		{7C8276C3-819A-4EA1-BFDA-64C3760B0037}.Debug|Any CPU.ActiveCfg = Debug|Any CPU
		{7C8276C3-819A-4EA1-BFDA-64C3760B0037}.Debug|Any CPU.Build.0 = Debug|Any CPU
		{7C8276C3-819A-4EA1-BFDA-64C3760B0037}.Release|Any CPU.ActiveCfg = Release|Any CPU
		{7C8276C3-819A-4EA1-BFDA-64C3760B0037}.Release|Any CPU.Build.0 = Release|Any CPU
		{9D7ED6B5-2B34-4EC6-88CF-CDA2F07431AC}.Debug|Any CPU.ActiveCfg = Debug|Any CPU
		{9D7ED6B5-2B34-4EC6-88CF-CDA2F07431AC}.Debug|Any CPU.Build.0 = Debug|Any CPU
		{9D7ED6B5-2B34-4EC6-88CF-CDA2F07431AC}.Release|Any CPU.ActiveCfg = Release|Any CPU
		{9D7ED6B5-2B34-4EC6-88CF-CDA2F07431AC}.Release|Any CPU.Build.0 = Release|Any CPU
		{CE75B2FE-C027-42F6-8D00-E44CC38BE7C7}.Debug|Any CPU.ActiveCfg = Debug|Any CPU
		{CE75B2FE-C027-42F6-8D00-E44CC38BE7C7}.Debug|Any CPU.Build.0 = Debug|Any CPU
		{CE75B2FE-C027-42F6-8D00-E44CC38BE7C7}.Release|Any CPU.ActiveCfg = Release|Any CPU
		{CE75B2FE-C027-42F6-8D00-E44CC38BE7C7}.Release|Any CPU.Build.0 = Release|Any CPU
	EndGlobalSection
	GlobalSection(SolutionProperties) = preSolution
		HideSolutionNode = FALSE
	EndGlobalSection
EndGlobal
